
Microsoft Visual Studio Solution File, Format Version 12.00
# Visual Studio Version 16
VisualStudioVersion = 16.0.30717.126
MinimumVisualStudioVersion = 10.0.40219.1
Project("{FAE04EC0-301F-11D3-BF4B-00C04F79EFBC}") = "LZH.K3.SCZZ.SCGL.SCDD", "LZH.K3.SCZZ.SCGL.SCDD\LZH.K3.SCZZ.SCGL.SCDD.csproj", "{53ABDC3A-1735-4493-9599-1DE7A32CD001}"
EndProject
Global
	GlobalSection(SolutionConfigurationPlatforms) = preSolution
		Debug|Any CPU = Debug|Any CPU
		Release|Any CPU = Release|Any CPU
	EndGlobalSection
	GlobalSection(ProjectConfigurationPlatforms) = postSolution
		{53ABDC3A-1735-4493-9599-1DE7A32CD001}.Debug|Any CPU.ActiveCfg = Debug|Any CPU
		{53ABDC3A-1735-4493-9599-1DE7A32CD001}.Debug|Any CPU.Build.0 = Debug|Any CPU
		{53ABDC3A-1735-4493-9599-1DE7A32CD001}.Release|Any CPU.ActiveCfg = Release|Any CPU
		{53ABDC3A-1735-4493-9599-1DE7A32CD001}.Release|Any CPU.Build.0 = Release|Any CPU
	EndGlobalSection
	GlobalSection(SolutionProperties) = preSolution
		HideSolutionNode = FALSE
	EndGlobalSection
	GlobalSection(ExtensibilityGlobals) = postSolution
		SolutionGuid = {0B133416-A97E-428F-8FF5-6A2493E0E3FD}
	EndGlobalSection
EndGlobal
