
Microsoft Visual Studio Solution File, Format Version 12.00
# Visual Studio Version 16
VisualStudioVersion = 16.0.30907.101
MinimumVisualStudioVersion = 10.0.40219.1
Project("{FAE04EC0-301F-11D3-BF4B-00C04F79EFBC}") = "LZH.GFK3.SCGL.DCFL", "LZH.GFK3.SCGL.DCFL\LZH.GFK3.SCGL.DCFL.csproj", "{664C1F42-B305-4EDC-9F24-A62A6C15A491}"
EndProject
Global
	GlobalSection(SolutionConfigurationPlatforms) = preSolution
		Debug|Any CPU = Debug|Any CPU
		Release|Any CPU = Release|Any CPU
	EndGlobalSection
	GlobalSection(ProjectConfigurationPlatforms) = postSolution
		{664C1F42-B305-4EDC-9F24-A62A6C15A491}.Debug|Any CPU.ActiveCfg = Debug|Any CPU
		{664C1F42-B305-4EDC-9F24-A62A6C15A491}.Debug|Any CPU.Build.0 = Debug|Any CPU
		{664C1F42-B305-4EDC-9F24-A62A6C15A491}.Release|Any CPU.ActiveCfg = Release|Any CPU
		{664C1F42-B305-4EDC-9F24-A62A6C15A491}.Release|Any CPU.Build.0 = Release|Any CPU
	EndGlobalSection
	GlobalSection(SolutionProperties) = preSolution
		HideSolutionNode = FALSE
	EndGlobalSection
	GlobalSection(ExtensibilityGlobals) = postSolution
		SolutionGuid = {2E280948-889A-46F8-8BCE-0CD60DBF639E}
	EndGlobalSection
EndGlobal
